
Microsoft Visual Studio Solution File, Format Version 12.00
# Visual Studio Version 16
VisualStudioVersion = 16.0.31613.86
MinimumVisualStudioVersion = 10.0.40219.1
Project("{8BC9CEB8-8B4A-11D0-8D11-00A0C91BC942}") = "Homework1", "Homework1\Homework1.vcxproj", "{311FC88E-A52C-4DA5-8AED-DCE769F62DFC}"
EndProject
Global
	GlobalSection(SolutionConfigurationPlatforms) = preSolution
		Debug|x64 = Debug|x64
		Debug|x86 = Debug|x86
		Release|x64 = Release|x64
		Release|x86 = Release|x86
	EndGlobalSection
	GlobalSection(ProjectConfigurationPlatforms) = postSolution
		{311FC88E-A52C-4DA5-8AED-DCE769F62DFC}.Debug|x64.ActiveCfg = Debug|x64
		{311FC88E-A52C-4DA5-8AED-DCE769F62DFC}.Debug|x64.Build.0 = Debug|x64
		{311FC88E-A52C-4DA5-8AED-DCE769F62DFC}.Debug|x86.ActiveCfg = Debug|Win32
		{311FC88E-A52C-4DA5-8AED-DCE769F62DFC}.Debug|x86.Build.0 = Debug|Win32
		{311FC88E-A52C-4DA5-8AED-DCE769F62DFC}.Release|x64.ActiveCfg = Release|x64
		{311FC88E-A52C-4DA5-8AED-DCE769F62DFC}.Release|x64.Build.0 = Release|x64
		{311FC88E-A52C-4DA5-8AED-DCE769F62DFC}.Release|x86.ActiveCfg = Release|Win32
		{311FC88E-A52C-4DA5-8AED-DCE769F62DFC}.Release|x86.Build.0 = Release|Win32
	EndGlobalSection
	GlobalSection(SolutionProperties) = preSolution
		HideSolutionNode = FALSE
	EndGlobalSection
	GlobalSection(ExtensibilityGlobals) = postSolution
		SolutionGuid = {08C55C66-9EBE-45EA-9834-7588C1AFD526}
	EndGlobalSection
EndGlobal
